
Microsoft Visual Studio Solution File, Format Version 12.00
Project("{FAE04EC0-301F-11D3-BF4B-00C04F79EFBC}") = "TestThreads", "TestThreads\TestThreads.csproj", "{B82B646A-AD33-4260-BB8E-2FAC95D98980}"
EndProject
Global
	GlobalSection(SolutionConfigurationPlatforms) = preSolution
		Debug|Any CPU = Debug|Any CPU
		Release|Any CPU = Release|Any CPU
	EndGlobalSection
	GlobalSection(ProjectConfigurationPlatforms) = postSolution
		{B82B646A-AD33-4260-BB8E-2FAC95D98980}.Debug|Any CPU.ActiveCfg = Debug|Any CPU
		{B82B646A-AD33-4260-BB8E-2FAC95D98980}.Debug|Any CPU.Build.0 = Debug|Any CPU
		{B82B646A-AD33-4260-BB8E-2FAC95D98980}.Release|Any CPU.ActiveCfg = Release|Any CPU
		{B82B646A-AD33-4260-BB8E-2FAC95D98980}.Release|Any CPU.Build.0 = Release|Any CPU
	EndGlobalSection
EndGlobal
